
Microsoft Visual Studio Solution File, Format Version 12.00
# Visual Studio Version 17
VisualStudioVersion = 17.1.32328.378
MinimumVisualStudioVersion = 10.0.40219.1
Project("{9A19103F-16F7-4668-BE54-9A1E7A4F7556}") = "UserService", "MealUsers\UserService.csproj", "{7795AD2F-8FA2-4F63-8468-0C1BDB73CD7C}"
EndProject
Project("{9A19103F-16F7-4668-BE54-9A1E7A4F7556}") = "MealService", "MealService\MealService.csproj", "{701CFD7F-4D6C-40FC-A153-BC9770C533BA}"
EndProject
Project("{9A19103F-16F7-4668-BE54-9A1E7A4F7556}") = "CourierService", "CourierService\CourierService.csproj", "{BDE4C131-D52D-4974-BB97-7B41C9431CAA}"
EndProject
Project("{FAE04EC0-301F-11D3-BF4B-00C04F79EFBC}") = "OrderService", "OrderService\OrderService.csproj", "{020819F3-A27B-43D3-8756-A032D6C10DA4}"
EndProject
Global
	GlobalSection(SolutionConfigurationPlatforms) = preSolution
		Debug|Any CPU = Debug|Any CPU
		Release|Any CPU = Release|Any CPU
	EndGlobalSection
	GlobalSection(ProjectConfigurationPlatforms) = postSolution
		{7795AD2F-8FA2-4F63-8468-0C1BDB73CD7C}.Debug|Any CPU.ActiveCfg = Debug|Any CPU
		{7795AD2F-8FA2-4F63-8468-0C1BDB73CD7C}.Debug|Any CPU.Build.0 = Debug|Any CPU
		{7795AD2F-8FA2-4F63-8468-0C1BDB73CD7C}.Release|Any CPU.ActiveCfg = Release|Any CPU
		{7795AD2F-8FA2-4F63-8468-0C1BDB73CD7C}.Release|Any CPU.Build.0 = Release|Any CPU
		{701CFD7F-4D6C-40FC-A153-BC9770C533BA}.Debug|Any CPU.ActiveCfg = Debug|Any CPU
		{701CFD7F-4D6C-40FC-A153-BC9770C533BA}.Debug|Any CPU.Build.0 = Debug|Any CPU
		{701CFD7F-4D6C-40FC-A153-BC9770C533BA}.Release|Any CPU.ActiveCfg = Release|Any CPU
		{701CFD7F-4D6C-40FC-A153-BC9770C533BA}.Release|Any CPU.Build.0 = Release|Any CPU
		{BDE4C131-D52D-4974-BB97-7B41C9431CAA}.Debug|Any CPU.ActiveCfg = Debug|Any CPU
		{BDE4C131-D52D-4974-BB97-7B41C9431CAA}.Debug|Any CPU.Build.0 = Debug|Any CPU
		{BDE4C131-D52D-4974-BB97-7B41C9431CAA}.Release|Any CPU.ActiveCfg = Release|Any CPU
		{BDE4C131-D52D-4974-BB97-7B41C9431CAA}.Release|Any CPU.Build.0 = Release|Any CPU
		{020819F3-A27B-43D3-8756-A032D6C10DA4}.Debug|Any CPU.ActiveCfg = Debug|Any CPU
		{020819F3-A27B-43D3-8756-A032D6C10DA4}.Debug|Any CPU.Build.0 = Debug|Any CPU
		{020819F3-A27B-43D3-8756-A032D6C10DA4}.Release|Any CPU.ActiveCfg = Release|Any CPU
		{020819F3-A27B-43D3-8756-A032D6C10DA4}.Release|Any CPU.Build.0 = Release|Any CPU
	EndGlobalSection
	GlobalSection(SolutionProperties) = preSolution
		HideSolutionNode = FALSE
	EndGlobalSection
	GlobalSection(ExtensibilityGlobals) = postSolution
		SolutionGuid = {92073083-728B-46D6-88EC-700D18DD91A4}
	EndGlobalSection
EndGlobal
